
Microsoft Visual Studio Solution File, Format Version 12.00
# Visual Studio Version 16
VisualStudioVersion = 16.0.31129.286
MinimumVisualStudioVersion = 10.0.40219.1
Project("{9A19103F-16F7-4668-BE54-9A1E7A4F7556}") = "Blog.Web", "Blog.Web.csproj", "{84914497-9DE1-4C1D-91A5-1BC06D9A4A2B}"
EndProject
Project("{9A19103F-16F7-4668-BE54-9A1E7A4F7556}") = "Blog.Models", "..\Blog.Models\Blog.Models.csproj", "{DD2B8BC6-4BDB-4935-B7DA-9F3B940C5A88}"
EndProject
Project("{9A19103F-16F7-4668-BE54-9A1E7A4F7556}") = "Blog.Repository", "..\Blog.Repository\Blog.Repository.csproj", "{192B1045-D0D6-4B3F-8EA8-0B51D3C05995}"
EndProject
Project("{FAE04EC0-301F-11D3-BF4B-00C04F79EFBC}") = "Blog.Identity", "..\Blog.Identity\Blog.Identity.csproj", "{D7165EED-DFE3-4333-BA8E-4A48325136D0}"
EndProject
Project("{FAE04EC0-301F-11D3-BF4B-00C04F79EFBC}") = "Blog.Services", "..\Blog.Services\Blog.Services.csproj", "{BFCC1484-3F6F-4A5C-AB51-92B9EBBC5412}"
EndProject
Global
	GlobalSection(SolutionConfigurationPlatforms) = preSolution
		Debug|Any CPU = Debug|Any CPU
		Release|Any CPU = Release|Any CPU
	EndGlobalSection
	GlobalSection(ProjectConfigurationPlatforms) = postSolution
		{84914497-9DE1-4C1D-91A5-1BC06D9A4A2B}.Debug|Any CPU.ActiveCfg = Debug|Any CPU
		{84914497-9DE1-4C1D-91A5-1BC06D9A4A2B}.Debug|Any CPU.Build.0 = Debug|Any CPU
		{84914497-9DE1-4C1D-91A5-1BC06D9A4A2B}.Release|Any CPU.ActiveCfg = Release|Any CPU
		{84914497-9DE1-4C1D-91A5-1BC06D9A4A2B}.Release|Any CPU.Build.0 = Release|Any CPU
		{DD2B8BC6-4BDB-4935-B7DA-9F3B940C5A88}.Debug|Any CPU.ActiveCfg = Debug|Any CPU
		{DD2B8BC6-4BDB-4935-B7DA-9F3B940C5A88}.Debug|Any CPU.Build.0 = Debug|Any CPU
		{DD2B8BC6-4BDB-4935-B7DA-9F3B940C5A88}.Release|Any CPU.ActiveCfg = Release|Any CPU
		{DD2B8BC6-4BDB-4935-B7DA-9F3B940C5A88}.Release|Any CPU.Build.0 = Release|Any CPU
		{192B1045-D0D6-4B3F-8EA8-0B51D3C05995}.Debug|Any CPU.ActiveCfg = Debug|Any CPU
		{192B1045-D0D6-4B3F-8EA8-0B51D3C05995}.Debug|Any CPU.Build.0 = Debug|Any CPU
		{192B1045-D0D6-4B3F-8EA8-0B51D3C05995}.Release|Any CPU.ActiveCfg = Release|Any CPU
		{192B1045-D0D6-4B3F-8EA8-0B51D3C05995}.Release|Any CPU.Build.0 = Release|Any CPU
		{D7165EED-DFE3-4333-BA8E-4A48325136D0}.Debug|Any CPU.ActiveCfg = Debug|Any CPU
		{D7165EED-DFE3-4333-BA8E-4A48325136D0}.Debug|Any CPU.Build.0 = Debug|Any CPU
		{D7165EED-DFE3-4333-BA8E-4A48325136D0}.Release|Any CPU.ActiveCfg = Release|Any CPU
		{D7165EED-DFE3-4333-BA8E-4A48325136D0}.Release|Any CPU.Build.0 = Release|Any CPU
		{BFCC1484-3F6F-4A5C-AB51-92B9EBBC5412}.Debug|Any CPU.ActiveCfg = Debug|Any CPU
		{BFCC1484-3F6F-4A5C-AB51-92B9EBBC5412}.Debug|Any CPU.Build.0 = Debug|Any CPU
		{BFCC1484-3F6F-4A5C-AB51-92B9EBBC5412}.Release|Any CPU.ActiveCfg = Release|Any CPU
		{BFCC1484-3F6F-4A5C-AB51-92B9EBBC5412}.Release|Any CPU.Build.0 = Release|Any CPU
	EndGlobalSection
	GlobalSection(SolutionProperties) = preSolution
		HideSolutionNode = FALSE
	EndGlobalSection
	GlobalSection(ExtensibilityGlobals) = postSolution
		SolutionGuid = {71501110-A40E-4C9B-8D14-F620DB8C645E}
	EndGlobalSection
EndGlobal
